
Microsoft Visual Studio Solution File, Format Version 12.00
# Visual Studio Version 16
VisualStudioVersion = 16.0.31005.135
MinimumVisualStudioVersion = 10.0.40219.1
Project("{FAE04EC0-301F-11D3-BF4B-00C04F79EFBC}") = "LPLab06-07", "LPLab06-07\LPLab06-07.csproj", "{D10463E2-95AF-4465-B342-3BB249A388DD}"
EndProject
Global
	GlobalSection(SolutionConfigurationPlatforms) = preSolution
		Debug|Any CPU = Debug|Any CPU
		Release|Any CPU = Release|Any CPU
	EndGlobalSection
	GlobalSection(ProjectConfigurationPlatforms) = postSolution
		{D10463E2-95AF-4465-B342-3BB249A388DD}.Debug|Any CPU.ActiveCfg = Debug|Any CPU
		{D10463E2-95AF-4465-B342-3BB249A388DD}.Debug|Any CPU.Build.0 = Debug|Any CPU
		{D10463E2-95AF-4465-B342-3BB249A388DD}.Release|Any CPU.ActiveCfg = Release|Any CPU
		{D10463E2-95AF-4465-B342-3BB249A388DD}.Release|Any CPU.Build.0 = Release|Any CPU
	EndGlobalSection
	GlobalSection(SolutionProperties) = preSolution
		HideSolutionNode = FALSE
	EndGlobalSection
	GlobalSection(ExtensibilityGlobals) = postSolution
		SolutionGuid = {67EE6682-40F3-4D34-8B6B-DB009F010403}
	EndGlobalSection
EndGlobal
